
Microsoft Visual Studio Solution File, Format Version 12.00
# Visual Studio Version 17
VisualStudioVersion = 17.14.36414.22
MinimumVisualStudioVersion = 10.0.40219.1
Project("{2150E333-8FDC-42A3-9474-1A3956D46DE8}") = "Task0", "Task0", "{02EA681E-C7D8-13C7-8484-4AC65E1B71E8}"
EndProject
Project("{FAE04EC0-301F-11D3-BF4B-00C04F79EFBC}") = "Tyuiu.KosyakovDS.Sprint1.Task0.V21", "Tyuiu.KosyakovDS.Sprint1.Task0.V21\Tyuiu.KosyakovDS.Sprint1.Task0.V21.csproj", "{0878EEAE-6A94-4A1B-A985-50EB15D8B696}"
EndProject
Project("{FAE04EC0-301F-11D3-BF4B-00C04F79EFBC}") = "Tyuiu.KosyakovDS.Sprint1.Task0.V21.Lib", "Tyuiu.KosyakovDS.Sprint1.Task0.V21.Lib\Tyuiu.KosyakovDS.Sprint1.Task0.V21.Lib.csproj", "{2614D99A-AC77-4D12-B08E-1F985BA69D55}"
EndProject
Project("{FAE04EC0-301F-11D3-BF4B-00C04F79EFBC}") = "Tyuiu.KosyakovDS.Sprint1.Task0.V21.Test", "Tyuiu.KosyakovDS.Sprint1.Task0.V21.Test\Tyuiu.KosyakovDS.Sprint1.Task0.V21.Test.csproj", "{F18C0EFF-9212-40A1-A893-C45606CE8367}"
EndProject
Project("{2150E333-8FDC-42A3-9474-1A3956D46DE8}") = "Task1", "Task1", "{C51597B3-9C85-419A-A9AF-C93EBA47B96E}"
EndProject
Project("{2150E333-8FDC-42A3-9474-1A3956D46DE8}") = "Task2", "Task2", "{83AF3F45-440E-4E04-B5F5-5DE0951374B3}"
EndProject
Project("{FAE04EC0-301F-11D3-BF4B-00C04F79EFBC}") = "Tyuiu.KosyakovDS.Sprint1.Task2.V26", "Tyuiu.KosyakovDS.Sprint1.Task2.V26\Tyuiu.KosyakovDS.Sprint1.Task2.V26.csproj", "{7AF691B3-F551-4AA4-9349-E05EF684CB1A}"
EndProject
Project("{FAE04EC0-301F-11D3-BF4B-00C04F79EFBC}") = "Tyuiu.KosyakovDS.Sprint1.Task2.V26.Lib", "Tyuiu.KosyakovDS.Sprint1.Task2.V26.Lib\Tyuiu.KosyakovDS.Sprint1.Task2.V26.Lib.csproj", "{57545D9B-BC60-4154-ACF7-CC3BDB7FE38A}"
EndProject
Project("{FAE04EC0-301F-11D3-BF4B-00C04F79EFBC}") = "Tyuiu.KosyakovDS.Sprint1.Task2.V26.Test", "Tyuiu.KosyakovDS.Sprint1.Task2.V26.Test\Tyuiu.KosyakovDS.Sprint1.Task2.V26.Test.csproj", "{57F3BD5A-4B21-459E-B29A-BF55C567EDBA}"
EndProject
Project("{FAE04EC0-301F-11D3-BF4B-00C04F79EFBC}") = "Tyuiu.KosyakovDS.Sprint1.Task1.V23.Test", "Tyuiu.KosyakovDS.Sprint1.Task1.V23.Test\Tyuiu.KosyakovDS.Sprint1.Task1.V23.Test.csproj", "{BFA827FB-18C9-51FE-0AC0-3A007EF06B12}"
EndProject
Project("{FAE04EC0-301F-11D3-BF4B-00C04F79EFBC}") = "Tyuiu.KosyakovDS.Sprint1.Task1.V23", "Tyuiu.KosyakovDS.Sprint1.Task1.V23\Tyuiu.KosyakovDS.Sprint1.Task1.V23.csproj", "{27BB0A74-E6D2-4AB7-BC23-48475FBDAE26}"
EndProject
Project("{FAE04EC0-301F-11D3-BF4B-00C04F79EFBC}") = "Tyuiu.KosyakovDS.Sprint1.Task1.V23.Lib", "Tyuiu.KosyakovDS.Sprint1.Task1.V23.Lib\Tyuiu.KosyakovDS.Sprint1.Task1.V23.Lib.csproj", "{83D9923F-E3CA-9AC5-1985-997658231E2A}"
EndProject
Project("{2150E333-8FDC-42A3-9474-1A3956D46DE8}") = "Task3", "Task3", "{2F0EA2A1-CCB3-4BCA-9DB1-14DF793D0F33}"
EndProject
Project("{FAE04EC0-301F-11D3-BF4B-00C04F79EFBC}") = "Tyuiu.KosyakovDS.Sprint1.Task3.V12", "Tyuiu.KosyakovDS.Sprint1.Task3.V12\Tyuiu.KosyakovDS.Sprint1.Task3.V12.csproj", "{77655F5C-34CA-4430-A9FB-152ACE497659}"
EndProject
Project("{FAE04EC0-301F-11D3-BF4B-00C04F79EFBC}") = "Tyuiu.KosyakovDS.Sprint1.Task3.V12.Lib", "Tyuiu.KosyakovDS.Sprint1.Task3.V12.Lib\Tyuiu.KosyakovDS.Sprint1.Task3.V12.Lib.csproj", "{BF02E060-6710-46C3-9E7F-DD9083959D5C}"
EndProject
Project("{FAE04EC0-301F-11D3-BF4B-00C04F79EFBC}") = "Tyuiu.KosyakovDS.Sprint1.Task3.V12.Test", "Tyuiu.KosyakovDS.Sprint1.Task3.V12.Test\Tyuiu.KosyakovDS.Sprint1.Task3.V12.Test.csproj", "{4B3FDD52-E15C-4D2D-8FCA-D3B8E8FFFBE3}"
EndProject
Project("{2150E333-8FDC-42A3-9474-1A3956D46DE8}") = "Task4", "Task4", "{AC9C4203-8FF0-4A33-A1BA-9445198662E1}"
EndProject
Project("{FAE04EC0-301F-11D3-BF4B-00C04F79EFBC}") = "Tyuiu.KosyakovDS.Sprint1.Task4.V22", "Tyuiu.KosyakovDS.Sprint1.Task4.V22\Tyuiu.KosyakovDS.Sprint1.Task4.V22.csproj", "{1F19AFE7-1C9E-463E-A3BB-049C54B61806}"
EndProject
Project("{FAE04EC0-301F-11D3-BF4B-00C04F79EFBC}") = "Tyuiu.KosyakovDS.Sprint1.Task4.V22.Lib", "Tyuiu.KosyakovDS.Sprint1.Task4.V22.Lib\Tyuiu.KosyakovDS.Sprint1.Task4.V22.Lib.csproj", "{DFBB3560-43C9-427A-84C1-E3EA282F5068}"
EndProject
Project("{FAE04EC0-301F-11D3-BF4B-00C04F79EFBC}") = "Tyuiu.KosyakovDS.Sprint1.Task4.V22.Test", "Tyuiu.KosyakovDS.Sprint1.Task4.V22.Test\Tyuiu.KosyakovDS.Sprint1.Task4.V22.Test.csproj", "{692882CE-6E55-4BEF-A81F-8C150A898D77}"
EndProject
Project("{2150E333-8FDC-42A3-9474-1A3956D46DE8}") = "Task5", "Task5", "{87E0245D-89A0-4CA9-9AD9-5BAC48EDD6F5}"
EndProject
Project("{FAE04EC0-301F-11D3-BF4B-00C04F79EFBC}") = "Tyuiu.KosyakovDS.Sprint1.Task5.V1", "Tyuiu.KosyakovDS.Sprint1.Task5.V1\Tyuiu.KosyakovDS.Sprint1.Task5.V1.csproj", "{16428206-A5BD-4102-BA51-302C2481D9CD}"
EndProject
Project("{FAE04EC0-301F-11D3-BF4B-00C04F79EFBC}") = "Tyuiu.KosyakovDS.Sprint1.Task5.V1.Lib", "Tyuiu.KosyakovDS.Sprint1.Task5.V1.Lib\Tyuiu.KosyakovDS.Sprint1.Task5.V1.Lib.csproj", "{B30413C6-9E4D-4990-9F5D-EDE0EBF1AAA8}"
EndProject
Project("{FAE04EC0-301F-11D3-BF4B-00C04F79EFBC}") = "Tyuiu.KosyakovDS.Sprint1.Task5.V1.Test", "Tyuiu.KosyakovDS.Sprint1.Task5.V1.Test\Tyuiu.KosyakovDS.Sprint1.Task5.V1.Test.csproj", "{22AB5934-B037-4CF2-9697-CFB79F3501FC}"
EndProject
Project("{2150E333-8FDC-42A3-9474-1A3956D46DE8}") = "Task6", "Task6", "{DBAC6BA6-74B4-4A4E-BB06-DA41088EEF5D}"
EndProject
Project("{FAE04EC0-301F-11D3-BF4B-00C04F79EFBC}") = "Tyuiu.KosyakovDS.Sprint1.Task6.V17", "Tyuiu.KosyakovDS.Sprint1.Task6.V17\Tyuiu.KosyakovDS.Sprint1.Task6.V17.csproj", "{AF595E27-AE32-4557-8C33-AD67E377EAB4}"
EndProject
Project("{FAE04EC0-301F-11D3-BF4B-00C04F79EFBC}") = "Tyuiu.KosyakovDS.Sprint1.Task6.V17.Lib", "Tyuiu.KosyakovDS.Sprint1.Task6.V17.Lib\Tyuiu.KosyakovDS.Sprint1.Task6.V17.Lib.csproj", "{FBD2351C-0BD3-49AE-8225-73DEB8357C60}"
EndProject
Project("{FAE04EC0-301F-11D3-BF4B-00C04F79EFBC}") = "Tyuiu.KosyakovDS.Sprint1.Task6.V17.Test", "Tyuiu.KosyakovDS.Sprint1.Task6.V17.Test\Tyuiu.KosyakovDS.Sprint1.Task6.V17.Test.csproj", "{13737FBB-A102-4795-9635-F9B6D1BF204F}"
EndProject
Global
	GlobalSection(SolutionConfigurationPlatforms) = preSolution
		Debug|Any CPU = Debug|Any CPU
		Release|Any CPU = Release|Any CPU
	EndGlobalSection
	GlobalSection(ProjectConfigurationPlatforms) = postSolution
		{0878EEAE-6A94-4A1B-A985-50EB15D8B696}.Debug|Any CPU.ActiveCfg = Debug|Any CPU
		{0878EEAE-6A94-4A1B-A985-50EB15D8B696}.Debug|Any CPU.Build.0 = Debug|Any CPU
		{0878EEAE-6A94-4A1B-A985-50EB15D8B696}.Release|Any CPU.ActiveCfg = Release|Any CPU
		{0878EEAE-6A94-4A1B-A985-50EB15D8B696}.Release|Any CPU.Build.0 = Release|Any CPU
		{2614D99A-AC77-4D12-B08E-1F985BA69D55}.Debug|Any CPU.ActiveCfg = Debug|Any CPU
		{2614D99A-AC77-4D12-B08E-1F985BA69D55}.Debug|Any CPU.Build.0 = Debug|Any CPU
		{2614D99A-AC77-4D12-B08E-1F985BA69D55}.Release|Any CPU.ActiveCfg = Release|Any CPU
		{2614D99A-AC77-4D12-B08E-1F985BA69D55}.Release|Any CPU.Build.0 = Release|Any CPU
		{F18C0EFF-9212-40A1-A893-C45606CE8367}.Debug|Any CPU.ActiveCfg = Debug|Any CPU
		{F18C0EFF-9212-40A1-A893-C45606CE8367}.Debug|Any CPU.Build.0 = Debug|Any CPU
		{F18C0EFF-9212-40A1-A893-C45606CE8367}.Release|Any CPU.ActiveCfg = Release|Any CPU
		{F18C0EFF-9212-40A1-A893-C45606CE8367}.Release|Any CPU.Build.0 = Release|Any CPU
		{7AF691B3-F551-4AA4-9349-E05EF684CB1A}.Debug|Any CPU.ActiveCfg = Debug|Any CPU
		{7AF691B3-F551-4AA4-9349-E05EF684CB1A}.Debug|Any CPU.Build.0 = Debug|Any CPU
		{7AF691B3-F551-4AA4-9349-E05EF684CB1A}.Release|Any CPU.ActiveCfg = Release|Any CPU
		{7AF691B3-F551-4AA4-9349-E05EF684CB1A}.Release|Any CPU.Build.0 = Release|Any CPU
		{57545D9B-BC60-4154-ACF7-CC3BDB7FE38A}.Debug|Any CPU.ActiveCfg = Debug|Any CPU
		{57545D9B-BC60-4154-ACF7-CC3BDB7FE38A}.Debug|Any CPU.Build.0 = Debug|Any CPU
		{57545D9B-BC60-4154-ACF7-CC3BDB7FE38A}.Release|Any CPU.ActiveCfg = Release|Any CPU
		{57545D9B-BC60-4154-ACF7-CC3BDB7FE38A}.Release|Any CPU.Build.0 = Release|Any CPU
		{57F3BD5A-4B21-459E-B29A-BF55C567EDBA}.Debug|Any CPU.ActiveCfg = Debug|Any CPU
		{57F3BD5A-4B21-459E-B29A-BF55C567EDBA}.Debug|Any CPU.Build.0 = Debug|Any CPU
		{57F3BD5A-4B21-459E-B29A-BF55C567EDBA}.Release|Any CPU.ActiveCfg = Release|Any CPU
		{57F3BD5A-4B21-459E-B29A-BF55C567EDBA}.Release|Any CPU.Build.0 = Release|Any CPU
		{BFA827FB-18C9-51FE-0AC0-3A007EF06B12}.Debug|Any CPU.ActiveCfg = Debug|Any CPU
		{BFA827FB-18C9-51FE-0AC0-3A007EF06B12}.Debug|Any CPU.Build.0 = Debug|Any CPU
		{BFA827FB-18C9-51FE-0AC0-3A007EF06B12}.Release|Any CPU.ActiveCfg = Release|Any CPU
		{BFA827FB-18C9-51FE-0AC0-3A007EF06B12}.Release|Any CPU.Build.0 = Release|Any CPU
		{27BB0A74-E6D2-4AB7-BC23-48475FBDAE26}.Debug|Any CPU.ActiveCfg = Debug|Any CPU
		{27BB0A74-E6D2-4AB7-BC23-48475FBDAE26}.Debug|Any CPU.Build.0 = Debug|Any CPU
		{27BB0A74-E6D2-4AB7-BC23-48475FBDAE26}.Release|Any CPU.ActiveCfg = Release|Any CPU
		{27BB0A74-E6D2-4AB7-BC23-48475FBDAE26}.Release|Any CPU.Build.0 = Release|Any CPU
		{83D9923F-E3CA-9AC5-1985-997658231E2A}.Debug|Any CPU.ActiveCfg = Debug|Any CPU
		{83D9923F-E3CA-9AC5-1985-997658231E2A}.Debug|Any CPU.Build.0 = Debug|Any CPU
		{83D9923F-E3CA-9AC5-1985-997658231E2A}.Release|Any CPU.ActiveCfg = Release|Any CPU
		{83D9923F-E3CA-9AC5-1985-997658231E2A}.Release|Any CPU.Build.0 = Release|Any CPU
		{77655F5C-34CA-4430-A9FB-152ACE497659}.Debug|Any CPU.ActiveCfg = Debug|Any CPU
		{77655F5C-34CA-4430-A9FB-152ACE497659}.Debug|Any CPU.Build.0 = Debug|Any CPU
		{77655F5C-34CA-4430-A9FB-152ACE497659}.Release|Any CPU.ActiveCfg = Release|Any CPU
		{77655F5C-34CA-4430-A9FB-152ACE497659}.Release|Any CPU.Build.0 = Release|Any CPU
		{BF02E060-6710-46C3-9E7F-DD9083959D5C}.Debug|Any CPU.ActiveCfg = Debug|Any CPU
		{BF02E060-6710-46C3-9E7F-DD9083959D5C}.Debug|Any CPU.Build.0 = Debug|Any CPU
		{BF02E060-6710-46C3-9E7F-DD9083959D5C}.Release|Any CPU.ActiveCfg = Release|Any CPU
		{BF02E060-6710-46C3-9E7F-DD9083959D5C}.Release|Any CPU.Build.0 = Release|Any CPU
		{4B3FDD52-E15C-4D2D-8FCA-D3B8E8FFFBE3}.Debug|Any CPU.ActiveCfg = Debug|Any CPU
		{4B3FDD52-E15C-4D2D-8FCA-D3B8E8FFFBE3}.Debug|Any CPU.Build.0 = Debug|Any CPU
		{4B3FDD52-E15C-4D2D-8FCA-D3B8E8FFFBE3}.Release|Any CPU.ActiveCfg = Release|Any CPU
		{4B3FDD52-E15C-4D2D-8FCA-D3B8E8FFFBE3}.Release|Any CPU.Build.0 = Release|Any CPU
		{1F19AFE7-1C9E-463E-A3BB-049C54B61806}.Debug|Any CPU.ActiveCfg = Debug|Any CPU
		{1F19AFE7-1C9E-463E-A3BB-049C54B61806}.Debug|Any CPU.Build.0 = Debug|Any CPU
		{1F19AFE7-1C9E-463E-A3BB-049C54B61806}.Release|Any CPU.ActiveCfg = Release|Any CPU
		{1F19AFE7-1C9E-463E-A3BB-049C54B61806}.Release|Any CPU.Build.0 = Release|Any CPU
		{DFBB3560-43C9-427A-84C1-E3EA282F5068}.Debug|Any CPU.ActiveCfg = Debug|Any CPU
		{DFBB3560-43C9-427A-84C1-E3EA282F5068}.Debug|Any CPU.Build.0 = Debug|Any CPU
		{DFBB3560-43C9-427A-84C1-E3EA282F5068}.Release|Any CPU.ActiveCfg = Release|Any CPU
		{DFBB3560-43C9-427A-84C1-E3EA282F5068}.Release|Any CPU.Build.0 = Release|Any CPU
		{692882CE-6E55-4BEF-A81F-8C150A898D77}.Debug|Any CPU.ActiveCfg = Debug|Any CPU
		{692882CE-6E55-4BEF-A81F-8C150A898D77}.Debug|Any CPU.Build.0 = Debug|Any CPU
		{692882CE-6E55-4BEF-A81F-8C150A898D77}.Release|Any CPU.ActiveCfg = Release|Any CPU
		{692882CE-6E55-4BEF-A81F-8C150A898D77}.Release|Any CPU.Build.0 = Release|Any CPU
		{16428206-A5BD-4102-BA51-302C2481D9CD}.Debug|Any CPU.ActiveCfg = Debug|Any CPU
		{16428206-A5BD-4102-BA51-302C2481D9CD}.Debug|Any CPU.Build.0 = Debug|Any CPU
		{16428206-A5BD-4102-BA51-302C2481D9CD}.Release|Any CPU.ActiveCfg = Release|Any CPU
		{16428206-A5BD-4102-BA51-302C2481D9CD}.Release|Any CPU.Build.0 = Release|Any CPU
		{B30413C6-9E4D-4990-9F5D-EDE0EBF1AAA8}.Debug|Any CPU.ActiveCfg = Debug|Any CPU
		{B30413C6-9E4D-4990-9F5D-EDE0EBF1AAA8}.Debug|Any CPU.Build.0 = Debug|Any CPU
		{B30413C6-9E4D-4990-9F5D-EDE0EBF1AAA8}.Release|Any CPU.ActiveCfg = Release|Any CPU
		{B30413C6-9E4D-4990-9F5D-EDE0EBF1AAA8}.Release|Any CPU.Build.0 = Release|Any CPU
		{22AB5934-B037-4CF2-9697-CFB79F3501FC}.Debug|Any CPU.ActiveCfg = Debug|Any CPU
		{22AB5934-B037-4CF2-9697-CFB79F3501FC}.Debug|Any CPU.Build.0 = Debug|Any CPU
		{22AB5934-B037-4CF2-9697-CFB79F3501FC}.Release|Any CPU.ActiveCfg = Release|Any CPU
		{22AB5934-B037-4CF2-9697-CFB79F3501FC}.Release|Any CPU.Build.0 = Release|Any CPU
		{AF595E27-AE32-4557-8C33-AD67E377EAB4}.Debug|Any CPU.ActiveCfg = Debug|Any CPU
		{AF595E27-AE32-4557-8C33-AD67E377EAB4}.Debug|Any CPU.Build.0 = Debug|Any CPU
		{AF595E27-AE32-4557-8C33-AD67E377EAB4}.Release|Any CPU.ActiveCfg = Release|Any CPU
		{AF595E27-AE32-4557-8C33-AD67E377EAB4}.Release|Any CPU.Build.0 = Release|Any CPU
		{FBD2351C-0BD3-49AE-8225-73DEB8357C60}.Debug|Any CPU.ActiveCfg = Debug|Any CPU
		{FBD2351C-0BD3-49AE-8225-73DEB8357C60}.Debug|Any CPU.Build.0 = Debug|Any CPU
		{FBD2351C-0BD3-49AE-8225-73DEB8357C60}.Release|Any CPU.ActiveCfg = Release|Any CPU
		{FBD2351C-0BD3-49AE-8225-73DEB8357C60}.Release|Any CPU.Build.0 = Release|Any CPU
		{13737FBB-A102-4795-9635-F9B6D1BF204F}.Debug|Any CPU.ActiveCfg = Debug|Any CPU
		{13737FBB-A102-4795-9635-F9B6D1BF204F}.Debug|Any CPU.Build.0 = Debug|Any CPU
		{13737FBB-A102-4795-9635-F9B6D1BF204F}.Release|Any CPU.ActiveCfg = Release|Any CPU
		{13737FBB-A102-4795-9635-F9B6D1BF204F}.Release|Any CPU.Build.0 = Release|Any CPU
	EndGlobalSection
	GlobalSection(SolutionProperties) = preSolution
		HideSolutionNode = FALSE
	EndGlobalSection
	GlobalSection(NestedProjects) = preSolution
		{0878EEAE-6A94-4A1B-A985-50EB15D8B696} = {02EA681E-C7D8-13C7-8484-4AC65E1B71E8}
		{2614D99A-AC77-4D12-B08E-1F985BA69D55} = {02EA681E-C7D8-13C7-8484-4AC65E1B71E8}
		{F18C0EFF-9212-40A1-A893-C45606CE8367} = {02EA681E-C7D8-13C7-8484-4AC65E1B71E8}
		{7AF691B3-F551-4AA4-9349-E05EF684CB1A} = {83AF3F45-440E-4E04-B5F5-5DE0951374B3}
		{57545D9B-BC60-4154-ACF7-CC3BDB7FE38A} = {83AF3F45-440E-4E04-B5F5-5DE0951374B3}
		{57F3BD5A-4B21-459E-B29A-BF55C567EDBA} = {83AF3F45-440E-4E04-B5F5-5DE0951374B3}
		{BFA827FB-18C9-51FE-0AC0-3A007EF06B12} = {C51597B3-9C85-419A-A9AF-C93EBA47B96E}
		{27BB0A74-E6D2-4AB7-BC23-48475FBDAE26} = {C51597B3-9C85-419A-A9AF-C93EBA47B96E}
		{83D9923F-E3CA-9AC5-1985-997658231E2A} = {C51597B3-9C85-419A-A9AF-C93EBA47B96E}
		{77655F5C-34CA-4430-A9FB-152ACE497659} = {2F0EA2A1-CCB3-4BCA-9DB1-14DF793D0F33}
		{BF02E060-6710-46C3-9E7F-DD9083959D5C} = {2F0EA2A1-CCB3-4BCA-9DB1-14DF793D0F33}
		{4B3FDD52-E15C-4D2D-8FCA-D3B8E8FFFBE3} = {2F0EA2A1-CCB3-4BCA-9DB1-14DF793D0F33}
		{1F19AFE7-1C9E-463E-A3BB-049C54B61806} = {AC9C4203-8FF0-4A33-A1BA-9445198662E1}
		{DFBB3560-43C9-427A-84C1-E3EA282F5068} = {AC9C4203-8FF0-4A33-A1BA-9445198662E1}
		{692882CE-6E55-4BEF-A81F-8C150A898D77} = {AC9C4203-8FF0-4A33-A1BA-9445198662E1}
		{16428206-A5BD-4102-BA51-302C2481D9CD} = {87E0245D-89A0-4CA9-9AD9-5BAC48EDD6F5}
		{B30413C6-9E4D-4990-9F5D-EDE0EBF1AAA8} = {87E0245D-89A0-4CA9-9AD9-5BAC48EDD6F5}
		{22AB5934-B037-4CF2-9697-CFB79F3501FC} = {87E0245D-89A0-4CA9-9AD9-5BAC48EDD6F5}
		{AF595E27-AE32-4557-8C33-AD67E377EAB4} = {DBAC6BA6-74B4-4A4E-BB06-DA41088EEF5D}
		{FBD2351C-0BD3-49AE-8225-73DEB8357C60} = {DBAC6BA6-74B4-4A4E-BB06-DA41088EEF5D}
		{13737FBB-A102-4795-9635-F9B6D1BF204F} = {DBAC6BA6-74B4-4A4E-BB06-DA41088EEF5D}
	EndGlobalSection
	GlobalSection(ExtensibilityGlobals) = postSolution
		SolutionGuid = {643BE14F-AFAD-4416-8FED-BE1D867AD92F}
	EndGlobalSection
EndGlobal
