
Microsoft Visual Studio Solution File, Format Version 12.00
# Visual Studio Version 17
VisualStudioVersion = 17.14.36414.22
MinimumVisualStudioVersion = 10.0.40219.1
Project("{2150E333-8FDC-42A3-9474-1A3956D46DE8}") = "Task0", "Task0", "{02EA681E-C7D8-13C7-8484-4AC65E1B71E8}"
EndProject
Project("{FAE04EC0-301F-11D3-BF4B-00C04F79EFBC}") = "Tyuiu.KosyakovDS.Sprint1.Task0.V21", "Tyuiu.KosyakovDS.Sprint1.Task0.V21\Tyuiu.KosyakovDS.Sprint1.Task0.V21.csproj", "{0878EEAE-6A94-4A1B-A985-50EB15D8B696}"
EndProject
Project("{FAE04EC0-301F-11D3-BF4B-00C04F79EFBC}") = "Tyuiu.KosyakovDS.Sprint1.Task0.V21.Lib", "Tyuiu.KosyakovDS.Sprint1.Task0.V21.Lib\Tyuiu.KosyakovDS.Sprint1.Task0.V21.Lib.csproj", "{2614D99A-AC77-4D12-B08E-1F985BA69D55}"
EndProject
Project("{FAE04EC0-301F-11D3-BF4B-00C04F79EFBC}") = "Tyuiu.KosyakovDS.Sprint1.Task0.V21.Test", "Tyuiu.KosyakovDS.Sprint1.Task0.V21.Test\Tyuiu.KosyakovDS.Sprint1.Task0.V21.Test.csproj", "{F18C0EFF-9212-40A1-A893-C45606CE8367}"
EndProject
Project("{2150E333-8FDC-42A3-9474-1A3956D46DE8}") = "Task1", "Task1", "{C51597B3-9C85-419A-A9AF-C93EBA47B96E}"
EndProject
Project("{FAE04EC0-301F-11D3-BF4B-00C04F79EFBC}") = "Tyuiu.KosyakovDS.Sprint1.Task1.V23", "Tyuiu.KosyakovDS.Sprint1.Task1.V\Tyuiu.KosyakovDS.Sprint1.Task1.V23.csproj", "{CE3316A7-39F6-4B12-A59A-01D9FF28D0A8}"
EndProject
Project("{FAE04EC0-301F-11D3-BF4B-00C04F79EFBC}") = "Tyuiu.KosyakovDS.Sprint1.Task1.V23.Lib", "Tyuiu.KosyakovDS.Sprint1.Task1.V.Lib\Tyuiu.KosyakovDS.Sprint1.Task1.V23.Lib.csproj", "{EDC285BB-F30E-41B7-A556-FCADC6E8E8D9}"
EndProject
Project("{FAE04EC0-301F-11D3-BF4B-00C04F79EFBC}") = "Tyuiu.KosyakovDS.Sprint1.Task1.V23.Test", "Tyuiu.KosyakovDS.Sprint1.Task1.V.Test\Tyuiu.KosyakovDS.Sprint1.Task1.V23.Test.csproj", "{4579F61A-EA56-4E3C-B335-1F9AACA4771E}"
EndProject
Global
	GlobalSection(SolutionConfigurationPlatforms) = preSolution
		Debug|Any CPU = Debug|Any CPU
		Release|Any CPU = Release|Any CPU
	EndGlobalSection
	GlobalSection(ProjectConfigurationPlatforms) = postSolution
		{0878EEAE-6A94-4A1B-A985-50EB15D8B696}.Debug|Any CPU.ActiveCfg = Debug|Any CPU
		{0878EEAE-6A94-4A1B-A985-50EB15D8B696}.Debug|Any CPU.Build.0 = Debug|Any CPU
		{0878EEAE-6A94-4A1B-A985-50EB15D8B696}.Release|Any CPU.ActiveCfg = Release|Any CPU
		{0878EEAE-6A94-4A1B-A985-50EB15D8B696}.Release|Any CPU.Build.0 = Release|Any CPU
		{2614D99A-AC77-4D12-B08E-1F985BA69D55}.Debug|Any CPU.ActiveCfg = Debug|Any CPU
		{2614D99A-AC77-4D12-B08E-1F985BA69D55}.Debug|Any CPU.Build.0 = Debug|Any CPU
		{2614D99A-AC77-4D12-B08E-1F985BA69D55}.Release|Any CPU.ActiveCfg = Release|Any CPU
		{2614D99A-AC77-4D12-B08E-1F985BA69D55}.Release|Any CPU.Build.0 = Release|Any CPU
		{F18C0EFF-9212-40A1-A893-C45606CE8367}.Debug|Any CPU.ActiveCfg = Debug|Any CPU
		{F18C0EFF-9212-40A1-A893-C45606CE8367}.Debug|Any CPU.Build.0 = Debug|Any CPU
		{F18C0EFF-9212-40A1-A893-C45606CE8367}.Release|Any CPU.ActiveCfg = Release|Any CPU
		{F18C0EFF-9212-40A1-A893-C45606CE8367}.Release|Any CPU.Build.0 = Release|Any CPU
		{CE3316A7-39F6-4B12-A59A-01D9FF28D0A8}.Debug|Any CPU.ActiveCfg = Debug|Any CPU
		{CE3316A7-39F6-4B12-A59A-01D9FF28D0A8}.Debug|Any CPU.Build.0 = Debug|Any CPU
		{CE3316A7-39F6-4B12-A59A-01D9FF28D0A8}.Release|Any CPU.ActiveCfg = Release|Any CPU
		{CE3316A7-39F6-4B12-A59A-01D9FF28D0A8}.Release|Any CPU.Build.0 = Release|Any CPU
		{EDC285BB-F30E-41B7-A556-FCADC6E8E8D9}.Debug|Any CPU.ActiveCfg = Debug|Any CPU
		{EDC285BB-F30E-41B7-A556-FCADC6E8E8D9}.Debug|Any CPU.Build.0 = Debug|Any CPU
		{EDC285BB-F30E-41B7-A556-FCADC6E8E8D9}.Release|Any CPU.ActiveCfg = Release|Any CPU
		{EDC285BB-F30E-41B7-A556-FCADC6E8E8D9}.Release|Any CPU.Build.0 = Release|Any CPU
		{4579F61A-EA56-4E3C-B335-1F9AACA4771E}.Debug|Any CPU.ActiveCfg = Debug|Any CPU
		{4579F61A-EA56-4E3C-B335-1F9AACA4771E}.Debug|Any CPU.Build.0 = Debug|Any CPU
		{4579F61A-EA56-4E3C-B335-1F9AACA4771E}.Release|Any CPU.ActiveCfg = Release|Any CPU
		{4579F61A-EA56-4E3C-B335-1F9AACA4771E}.Release|Any CPU.Build.0 = Release|Any CPU
	EndGlobalSection
	GlobalSection(SolutionProperties) = preSolution
		HideSolutionNode = FALSE
	EndGlobalSection
	GlobalSection(NestedProjects) = preSolution
		{0878EEAE-6A94-4A1B-A985-50EB15D8B696} = {02EA681E-C7D8-13C7-8484-4AC65E1B71E8}
		{2614D99A-AC77-4D12-B08E-1F985BA69D55} = {02EA681E-C7D8-13C7-8484-4AC65E1B71E8}
		{F18C0EFF-9212-40A1-A893-C45606CE8367} = {02EA681E-C7D8-13C7-8484-4AC65E1B71E8}
		{CE3316A7-39F6-4B12-A59A-01D9FF28D0A8} = {C51597B3-9C85-419A-A9AF-C93EBA47B96E}
		{EDC285BB-F30E-41B7-A556-FCADC6E8E8D9} = {C51597B3-9C85-419A-A9AF-C93EBA47B96E}
		{4579F61A-EA56-4E3C-B335-1F9AACA4771E} = {C51597B3-9C85-419A-A9AF-C93EBA47B96E}
	EndGlobalSection
	GlobalSection(ExtensibilityGlobals) = postSolution
		SolutionGuid = {643BE14F-AFAD-4416-8FED-BE1D867AD92F}
	EndGlobalSection
EndGlobal
